
Microsoft Visual Studio Solution File, Format Version 12.00
# Visual Studio Version 17
VisualStudioVersion = 17.4.33205.214
MinimumVisualStudioVersion = 10.0.40219.1
Project("{FAE04EC0-301F-11D3-BF4B-00C04F79EFBC}") = "Application", "Application\Application.csproj", "{C6878216-1D50-4EE9-A86A-6D29E65C179E}"
EndProject
Project("{FAE04EC0-301F-11D3-BF4B-00C04F79EFBC}") = "Domain", "Domain\Domain.csproj", "{440C1E3A-6263-41D1-83CC-32194AC4E14E}"
EndProject
Project("{FAE04EC0-301F-11D3-BF4B-00C04F79EFBC}") = "Presentation", "Presentation\Presentation.csproj", "{12D3DF50-1344-4D19-B3BB-CF7763A55923}"
EndProject
Project("{FAE04EC0-301F-11D3-BF4B-00C04F79EFBC}") = "Tests", "Tests\Tests.csproj", "{1DF57176-3502-4BE0-9B73-780FC6080EF1}"
EndProject
Project("{FAE04EC0-301F-11D3-BF4B-00C04F79EFBC}") = "TestsController", "TestsController\TestsController.csproj", "{EDB0F274-FF59-4585-A93C-206D8B344DAC}"
EndProject
Global
	GlobalSection(SolutionConfigurationPlatforms) = preSolution
		Debug|Any CPU = Debug|Any CPU
		Release|Any CPU = Release|Any CPU
	EndGlobalSection
	GlobalSection(ProjectConfigurationPlatforms) = postSolution
		{C6878216-1D50-4EE9-A86A-6D29E65C179E}.Debug|Any CPU.ActiveCfg = Debug|Any CPU
		{C6878216-1D50-4EE9-A86A-6D29E65C179E}.Debug|Any CPU.Build.0 = Debug|Any CPU
		{C6878216-1D50-4EE9-A86A-6D29E65C179E}.Release|Any CPU.ActiveCfg = Release|Any CPU
		{C6878216-1D50-4EE9-A86A-6D29E65C179E}.Release|Any CPU.Build.0 = Release|Any CPU
		{440C1E3A-6263-41D1-83CC-32194AC4E14E}.Debug|Any CPU.ActiveCfg = Debug|Any CPU
		{440C1E3A-6263-41D1-83CC-32194AC4E14E}.Debug|Any CPU.Build.0 = Debug|Any CPU
		{440C1E3A-6263-41D1-83CC-32194AC4E14E}.Release|Any CPU.ActiveCfg = Release|Any CPU
		{440C1E3A-6263-41D1-83CC-32194AC4E14E}.Release|Any CPU.Build.0 = Release|Any CPU
		{12D3DF50-1344-4D19-B3BB-CF7763A55923}.Debug|Any CPU.ActiveCfg = Debug|Any CPU
		{12D3DF50-1344-4D19-B3BB-CF7763A55923}.Debug|Any CPU.Build.0 = Debug|Any CPU
		{12D3DF50-1344-4D19-B3BB-CF7763A55923}.Release|Any CPU.ActiveCfg = Release|Any CPU
		{12D3DF50-1344-4D19-B3BB-CF7763A55923}.Release|Any CPU.Build.0 = Release|Any CPU
		{1DF57176-3502-4BE0-9B73-780FC6080EF1}.Debug|Any CPU.ActiveCfg = Debug|Any CPU
		{1DF57176-3502-4BE0-9B73-780FC6080EF1}.Debug|Any CPU.Build.0 = Debug|Any CPU
		{1DF57176-3502-4BE0-9B73-780FC6080EF1}.Release|Any CPU.ActiveCfg = Release|Any CPU
		{1DF57176-3502-4BE0-9B73-780FC6080EF1}.Release|Any CPU.Build.0 = Release|Any CPU
		{EDB0F274-FF59-4585-A93C-206D8B344DAC}.Debug|Any CPU.ActiveCfg = Debug|Any CPU
		{EDB0F274-FF59-4585-A93C-206D8B344DAC}.Debug|Any CPU.Build.0 = Debug|Any CPU
		{EDB0F274-FF59-4585-A93C-206D8B344DAC}.Release|Any CPU.ActiveCfg = Release|Any CPU
		{EDB0F274-FF59-4585-A93C-206D8B344DAC}.Release|Any CPU.Build.0 = Release|Any CPU
	EndGlobalSection
	GlobalSection(SolutionProperties) = preSolution
		HideSolutionNode = FALSE
	EndGlobalSection
	GlobalSection(ExtensibilityGlobals) = postSolution
		SolutionGuid = {E876D819-E7D5-447D-9E49-C50E89B20BF3}
	EndGlobalSection
EndGlobal
